
Microsoft Visual Studio Solution File, Format Version 12.00
# Visual Studio Version 17
VisualStudioVersion = 17.4.33205.214
MinimumVisualStudioVersion = 10.0.40219.1
Project("{8BC9CEB8-8B4A-11D0-8D11-00A0C91BC942}") = "09-01", "09-01\09-01.vcxproj", "{C57053FB-4A97-4BA2-BC43-910AD26842C6}"
EndProject
Global
	GlobalSection(SolutionConfigurationPlatforms) = preSolution
		Debug|x64 = Debug|x64
		Debug|x86 = Debug|x86
		Release|x64 = Release|x64
		Release|x86 = Release|x86
	EndGlobalSection
	GlobalSection(ProjectConfigurationPlatforms) = postSolution
		{C57053FB-4A97-4BA2-BC43-910AD26842C6}.Debug|x64.ActiveCfg = Debug|x64
		{C57053FB-4A97-4BA2-BC43-910AD26842C6}.Debug|x64.Build.0 = Debug|x64
		{C57053FB-4A97-4BA2-BC43-910AD26842C6}.Debug|x86.ActiveCfg = Debug|Win32
		{C57053FB-4A97-4BA2-BC43-910AD26842C6}.Debug|x86.Build.0 = Debug|Win32
		{C57053FB-4A97-4BA2-BC43-910AD26842C6}.Release|x64.ActiveCfg = Release|x64
		{C57053FB-4A97-4BA2-BC43-910AD26842C6}.Release|x64.Build.0 = Release|x64
		{C57053FB-4A97-4BA2-BC43-910AD26842C6}.Release|x86.ActiveCfg = Release|Win32
		{C57053FB-4A97-4BA2-BC43-910AD26842C6}.Release|x86.Build.0 = Release|Win32
	EndGlobalSection
	GlobalSection(SolutionProperties) = preSolution
		HideSolutionNode = FALSE
	EndGlobalSection
	GlobalSection(ExtensibilityGlobals) = postSolution
		SolutionGuid = {8EC2947C-CDB6-488C-A640-4A11D4EFD544}
	EndGlobalSection
EndGlobal
